# This file was autogenerated by Stack.
# You should not edit this file by hand.
# For more information, please see the documentation at:
#   https://docs.haskellstack.org/en/stable/lock_files

packages:
- completed:
    hackage: guid-0.1.0@sha256:a7c975be473f6f142d5cc1b39bc807a99043d20b1bb0873fdfe7a3ce84d2faf1,1078
    pantry-tree:
      size: 364
      sha256: a33838b7b1c54f6ac3e1b436b25674948713a4189658e4d82e639b9a689bc90d
  original:
    hackage: guid-0.1.0@sha256:a7c975be473f6f142d5cc1b39bc807a99043d20b1bb0873fdfe7a3ce84d2faf1,1078
snapshots:
- completed:
    size: 507596
    url: https://raw.githubusercontent.com/commercialhaskell/stackage-snapshots/master/lts/11/9.yaml
    sha256: 42f472dbf06482da1b3319241f3e3b3593a45bd7d4f537d2789f21386b9b2ad3
  original: lts-11.9
